{
  "name": "jest-fetch-mock",
  "version": "1.6.4",
  "lockfileVersion": 1,
  "requires": true,
  "dependencies": {
    "@types/jest": {
      "version": "23.0.0",
      "resolved": "https://registry.npmjs.org/@types/jest/-/jest-23.0.0.tgz",
      "integrity": "sha512-hy+8Sdet9JiNEZpJZWRcmT4pBz19H9dKMr/qWD1JJINBpTTts+Vbe8P+nx9vRJUlbVN4GMPAVr1F4Ff3V5U/Kg=="
    },
    "node-fetch": {
      "version": "2.1.2",
      "resolved": "https://registry.npmjs.org/node-fetch/-/node-fetch-2.1.2.tgz",
      "integrity": "sha1-q4hOjn5X44qUR1POxwb3iNF2i7U="
    },
    "promise-polyfill": {
      "version": "7.1.1",
      "resolved": "https://registry.npmjs.org/promise-polyfill/-/promise-polyfill-7.1.1.tgz",
      "integrity": "sha512-k1ArwERleWt59+JZuPp5Asd4+Eo3R6g4SDWKl8ozLYZE6K5pZULl1e4hlg112OYVgQcJ6IwBlBHP6JkCDUrayA=="
    }
  }
}
